{
  "name": "ky-simplemessage",
  "version": "1.0.0",
  "lockfileVersion": 2,
  "requires": true,
  "packages": {
    "": {
      "name": "ky-simplemessage",
      "version": "1.0.0",
      "license": "ISC",
      "dependencies": {
        "ky-simplemessage": "^1.0.0"
      }
    },
    "node_modules/ky-simplemessage": {
      "version": "1.0.0",
      "resolved": "https://registry.npmjs.org/ky-simplemessage/-/ky-simplemessage-1.0.0.tgz",
      "integrity": "sha512-Viduwdw0AvfdKEV1f3d4IUytFM1ipLjbvVTLp3b5nhiJO6RuV/RZfZvSSsMEKiWFQOs6Rak6vA5XeSWX9C0BRA=="
    }
  },
  "dependencies": {
    "ky-simplemessage": {
      "version": "1.0.0",
      "resolved": "https://registry.npmjs.org/ky-simplemessage/-/ky-simplemessage-1.0.0.tgz",
      "integrity": "sha512-Viduwdw0AvfdKEV1f3d4IUytFM1ipLjbvVTLp3b5nhiJO6RuV/RZfZvSSsMEKiWFQOs6Rak6vA5XeSWX9C0BRA=="
    }
  }
}
