{
  "name": "ky-simplemessage",
  "version": "1.1.0",
  "lockfileVersion": 2,
  "requires": true,
  "packages": {
    "": {
      "name": "ky-simplemessage",
      "version": "1.1.0",
      "license": "ISC",
      "dependencies": {
        "ky-simplemessage": "^1.1.0"
      }
    },
    "node_modules/ky-simplemessage": {
      "version": "1.1.0",
      "resolved": "https://registry.npmjs.org/ky-simplemessage/-/ky-simplemessage-1.1.0.tgz",
      "integrity": "sha512-wIi4ZTPPxQ9fiAmN1K1V/kaS1ZMN4PSDvcO6tzbT/NHW6BJf7EnMHtIAy+ir9x35k3i/eggzH5HjYkeBitHMew==",
      "dependencies": {
        "ky-simplemessage": "^1.0.0"
      }
    }
  },
  "dependencies": {
    "ky-simplemessage": {
      "version": "1.1.0",
      "resolved": "https://registry.npmjs.org/ky-simplemessage/-/ky-simplemessage-1.1.0.tgz",
      "integrity": "sha512-wIi4ZTPPxQ9fiAmN1K1V/kaS1ZMN4PSDvcO6tzbT/NHW6BJf7EnMHtIAy+ir9x35k3i/eggzH5HjYkeBitHMew==",
      "requires": {
        "ky-simplemessage": "^1.0.0"
      }
    }
  }
}
